// !$*UTF8*$!
{
	archiveVersion = 1;
	classes = {
	};
	objectVersion = 55;
	objects = {

/* Begin PBXBuildFile section */
		850DCADE286745FD00292A94 /* Tests_iOS.swift in Sources */ = {isa = PBXBuildFile; fileRef = 850DCADD286745FD00292A94 /* Tests_iOS.swift */; };
		850DCAE0286745FD00292A94 /* Tests_iOSLaunchTests.swift in Sources */ = {isa = PBXBuildFile; fileRef = 850DCADF286745FD00292A94 /* Tests_iOSLaunchTests.swift */; };
		850DCAEA286745FD00292A94 /* Tests_macOS.swift in Sources */ = {isa = PBXBuildFile; fileRef = 850DCAE9286745FD00292A94 /* Tests_macOS.swift */; };
		850DCAEC286745FD00292A94 /* Tests_macOSLaunchTests.swift in Sources */ = {isa = PBXBuildFile; fileRef = 850DCAEB286745FD00292A94 /* Tests_macOSLaunchTests.swift */; };
		850DCAED286745FD00292A94 /* MacPuf2022PApp.swift in Sources */ = {isa = PBXBuildFile; fileRef = 850DCAC5286745FB00292A94 /* MacPuf2022PApp.swift */; };
		850DCAEE286745FD00292A94 /* MacPuf2022PApp.swift in Sources */ = {isa = PBXBuildFile; fileRef = 850DCAC5286745FB00292A94 /* MacPuf2022PApp.swift */; };
		850DCAEF286745FD00292A94 /* ContentView.swift in Sources */ = {isa = PBXBuildFile; fileRef = 850DCAC6286745FB00292A94 /* ContentView.swift */; };
		850DCAF0286745FD00292A94 /* ContentView.swift in Sources */ = {isa = PBXBuildFile; fileRef = 850DCAC6286745FB00292A94 /* ContentView.swift */; };
		850DCAF1286745FD00292A94 /* Assets.xcassets in Resources */ = {isa = PBXBuildFile; fileRef = 850DCAC7286745FD00292A94 /* Assets.xcassets */; };
		850DCAF2286745FD00292A94 /* Assets.xcassets in Resources */ = {isa = PBXBuildFile; fileRef = 850DCAC7286745FD00292A94 /* Assets.xcassets */; };
		850DCB082867626000292A94 /* CalculateContents.swift in Sources */ = {isa = PBXBuildFile; fileRef = 850DCB072867626000292A94 /* CalculateContents.swift */; };
		850DCB092867626000292A94 /* CalculateContents.swift in Sources */ = {isa = PBXBuildFile; fileRef = 850DCB072867626000292A94 /* CalculateContents.swift */; };
		850DCB0A2867626000292A94 /* CalculateContents.swift in Sources */ = {isa = PBXBuildFile; fileRef = 850DCB072867626000292A94 /* CalculateContents.swift */; };
		850DCB0B2867626000292A94 /* CalculateContents.swift in Sources */ = {isa = PBXBuildFile; fileRef = 850DCB072867626000292A94 /* CalculateContents.swift */; };
		850DCB0D2867695B00292A94 /* Human.swift in Sources */ = {isa = PBXBuildFile; fileRef = 850DCB0C2867695B00292A94 /* Human.swift */; };
		850DCB0E2867695B00292A94 /* Human.swift in Sources */ = {isa = PBXBuildFile; fileRef = 850DCB0C2867695B00292A94 /* Human.swift */; };
		850DCB0F2867695B00292A94 /* Human.swift in Sources */ = {isa = PBXBuildFile; fileRef = 850DCB0C2867695B00292A94 /* Human.swift */; };
		850DCB102867695B00292A94 /* Human.swift in Sources */ = {isa = PBXBuildFile; fileRef = 850DCB0C2867695B00292A94 /* Human.swift */; };
		850DCB1228676B4100292A94 /* Simulator.swift in Sources */ = {isa = PBXBuildFile; fileRef = 850DCB1128676B4100292A94 /* Simulator.swift */; };
		850DCB1328676B4100292A94 /* Simulator.swift in Sources */ = {isa = PBXBuildFile; fileRef = 850DCB1128676B4100292A94 /* Simulator.swift */; };
		850DCB1428676B4100292A94 /* Simulator.swift in Sources */ = {isa = PBXBuildFile; fileRef = 850DCB1128676B4100292A94 /* Simulator.swift */; };
		850DCB1528676B4100292A94 /* Simulator.swift in Sources */ = {isa = PBXBuildFile; fileRef = 850DCB1128676B4100292A94 /* Simulator.swift */; };
		850DCB1728677C8500292A94 /* TestCalculateContentFunction.swift in Sources */ = {isa = PBXBuildFile; fileRef = 850DCB1628677C8500292A94 /* TestCalculateContentFunction.swift */; };
		850DCB1928677E0400292A94 /* SmallFunctions.swift in Sources */ = {isa = PBXBuildFile; fileRef = 850DCB1828677E0400292A94 /* SmallFunctions.swift */; };
		850DCB1A28677E0400292A94 /* SmallFunctions.swift in Sources */ = {isa = PBXBuildFile; fileRef = 850DCB1828677E0400292A94 /* SmallFunctions.swift */; };
		850DCB1B28677E0400292A94 /* SmallFunctions.swift in Sources */ = {isa = PBXBuildFile; fileRef = 850DCB1828677E0400292A94 /* SmallFunctions.swift */; };
		850DCB1C28677E0400292A94 /* SmallFunctions.swift in Sources */ = {isa = PBXBuildFile; fileRef = 850DCB1828677E0400292A94 /* SmallFunctions.swift */; };
		850DCB1E28677E2B00292A94 /* CalculatePressures.swift in Sources */ = {isa = PBXBuildFile; fileRef = 850DCB1D28677E2B00292A94 /* CalculatePressures.swift */; };
		850DCB1F28677E2B00292A94 /* CalculatePressures.swift in Sources */ = {isa = PBXBuildFile; fileRef = 850DCB1D28677E2B00292A94 /* CalculatePressures.swift */; };
		850DCB2028677E2B00292A94 /* CalculatePressures.swift in Sources */ = {isa = PBXBuildFile; fileRef = 850DCB1D28677E2B00292A94 /* CalculatePressures.swift */; };
		850DCB2128677E2B00292A94 /* CalculatePressures.swift in Sources */ = {isa = PBXBuildFile; fileRef = 850DCB1D28677E2B00292A94 /* CalculatePressures.swift */; };
		850DCB232867C9A400292A94 /* SettConstants.swift in Sources */ = {isa = PBXBuildFile; fileRef = 850DCB222867C9A400292A94 /* SettConstants.swift */; };
		850DCB242867C9A400292A94 /* SettConstants.swift in Sources */ = {isa = PBXBuildFile; fileRef = 850DCB222867C9A400292A94 /* SettConstants.swift */; };
		850DCB252867C9A400292A94 /* SettConstants.swift in Sources */ = {isa = PBXBuildFile; fileRef = 850DCB222867C9A400292A94 /* SettConstants.swift */; };
		850DCB262867C9A400292A94 /* SettConstants.swift in Sources */ = {isa = PBXBuildFile; fileRef = 850DCB222867C9A400292A94 /* SettConstants.swift */; };
		850DCB292868E85800292A94 /* SetVariables.swift in Sources */ = {isa = PBXBuildFile; fileRef = 850DCB282868E85800292A94 /* SetVariables.swift */; };
		850DCB2A2868E85800292A94 /* SetVariables.swift in Sources */ = {isa = PBXBuildFile; fileRef = 850DCB282868E85800292A94 /* SetVariables.swift */; };
		850DCB2B2868E85800292A94 /* SetVariables.swift in Sources */ = {isa = PBXBuildFile; fileRef = 850DCB282868E85800292A94 /* SetVariables.swift */; };
		850DCB2C2868E85800292A94 /* SetVariables.swift in Sources */ = {isa = PBXBuildFile; fileRef = 850DCB282868E85800292A94 /* SetVariables.swift */; };
		8533A806286DF3120077DE75 /* SetupCardiacOutput.swift in Sources */ = {isa = PBXBuildFile; fileRef = 8533A805286DF3120077DE75 /* SetupCardiacOutput.swift */; };
		8533A807286DF3120077DE75 /* SetupCardiacOutput.swift in Sources */ = {isa = PBXBuildFile; fileRef = 8533A805286DF3120077DE75 /* SetupCardiacOutput.swift */; };
		8533A808286DF3120077DE75 /* SetupCardiacOutput.swift in Sources */ = {isa = PBXBuildFile; fileRef = 8533A805286DF3120077DE75 /* SetupCardiacOutput.swift */; };
		8533A809286DF3120077DE75 /* SetupCardiacOutput.swift in Sources */ = {isa = PBXBuildFile; fileRef = 8533A805286DF3120077DE75 /* SetupCardiacOutput.swift */; };
		8533A80B286DF7180077DE75 /* ArterialPool.swift in Sources */ = {isa = PBXBuildFile; fileRef = 8533A80A286DF7180077DE75 /* ArterialPool.swift */; };
		8533A80C286DF7180077DE75 /* ArterialPool.swift in Sources */ = {isa = PBXBuildFile; fileRef = 8533A80A286DF7180077DE75 /* ArterialPool.swift */; };
		8533A80D286DF7180077DE75 /* ArterialPool.swift in Sources */ = {isa = PBXBuildFile; fileRef = 8533A80A286DF7180077DE75 /* ArterialPool.swift */; };
		8533A80E286DF7180077DE75 /* ArterialPool.swift in Sources */ = {isa = PBXBuildFile; fileRef = 8533A80A286DF7180077DE75 /* ArterialPool.swift */; };
		8533A810286E02A10077DE75 /* LactateMetabolism.swift in Sources */ = {isa = PBXBuildFile; fileRef = 8533A80F286E02A10077DE75 /* LactateMetabolism.swift */; };
		8533A811286E02A10077DE75 /* LactateMetabolism.swift in Sources */ = {isa = PBXBuildFile; fileRef = 8533A80F286E02A10077DE75 /* LactateMetabolism.swift */; };
		8533A812286E02A10077DE75 /* LactateMetabolism.swift in Sources */ = {isa = PBXBuildFile; fileRef = 8533A80F286E02A10077DE75 /* LactateMetabolism.swift */; };
		8533A813286E02A10077DE75 /* LactateMetabolism.swift in Sources */ = {isa = PBXBuildFile; fileRef = 8533A80F286E02A10077DE75 /* LactateMetabolism.swift */; };
		8533A815286E08440077DE75 /* Function.swift in Sources */ = {isa = PBXBuildFile; fileRef = 8533A814286E08440077DE75 /* Function.swift */; };
		8533A816286E08440077DE75 /* Function.swift in Sources */ = {isa = PBXBuildFile; fileRef = 8533A814286E08440077DE75 /* Function.swift */; };
		8533A817286E08440077DE75 /* Function.swift in Sources */ = {isa = PBXBuildFile; fileRef = 8533A814286E08440077DE75 /* Function.swift */; };
		8533A818286E08440077DE75 /* Function.swift in Sources */ = {isa = PBXBuildFile; fileRef = 8533A814286E08440077DE75 /* Function.swift */; };
		8533A81A286E28660077DE75 /* TissueNitrogenStores.swift in Sources */ = {isa = PBXBuildFile; fileRef = 8533A819286E28660077DE75 /* TissueNitrogenStores.swift */; };
		8533A81B286E28660077DE75 /* TissueNitrogenStores.swift in Sources */ = {isa = PBXBuildFile; fileRef = 8533A819286E28660077DE75 /* TissueNitrogenStores.swift */; };
		8533A81C286E28660077DE75 /* TissueNitrogenStores.swift in Sources */ = {isa = PBXBuildFile; fileRef = 8533A819286E28660077DE75 /* TissueNitrogenStores.swift */; };
		8533A81D286E28660077DE75 /* TissueNitrogenStores.swift in Sources */ = {isa = PBXBuildFile; fileRef = 8533A819286E28660077DE75 /* TissueNitrogenStores.swift */; };
		8533A81F286E2AB90077DE75 /* TissueMetabolism.swift in Sources */ = {isa = PBXBuildFile; fileRef = 8533A81E286E2AB90077DE75 /* TissueMetabolism.swift */; };
		8533A820286E2AB90077DE75 /* TissueMetabolism.swift in Sources */ = {isa = PBXBuildFile; fileRef = 8533A81E286E2AB90077DE75 /* TissueMetabolism.swift */; };
		8533A821286E2AB90077DE75 /* TissueMetabolism.swift in Sources */ = {isa = PBXBuildFile; fileRef = 8533A81E286E2AB90077DE75 /* TissueMetabolism.swift */; };
		8533A822286E2AB90077DE75 /* TissueMetabolism.swift in Sources */ = {isa = PBXBuildFile; fileRef = 8533A81E286E2AB90077DE75 /* TissueMetabolism.swift */; };
		8533A824286E376E0077DE75 /* VenousDelay.swift in Sources */ = {isa = PBXBuildFile; fileRef = 8533A823286E376E0077DE75 /* VenousDelay.swift */; };
		8533A825286E376E0077DE75 /* VenousDelay.swift in Sources */ = {isa = PBXBuildFile; fileRef = 8533A823286E376E0077DE75 /* VenousDelay.swift */; };
		8533A826286E376E0077DE75 /* VenousDelay.swift in Sources */ = {isa = PBXBuildFile; fileRef = 8533A823286E376E0077DE75 /* VenousDelay.swift */; };
		8533A827286E376E0077DE75 /* VenousDelay.swift in Sources */ = {isa = PBXBuildFile; fileRef = 8533A823286E376E0077DE75 /* VenousDelay.swift */; };
		8533A829286E4A020077DE75 /* LungMetabolism.swift in Sources */ = {isa = PBXBuildFile; fileRef = 8533A828286E4A020077DE75 /* LungMetabolism.swift */; };
		8533A82A286E4A020077DE75 /* LungMetabolism.swift in Sources */ = {isa = PBXBuildFile; fileRef = 8533A828286E4A020077DE75 /* LungMetabolism.swift */; };
		8533A82B286E4A020077DE75 /* LungMetabolism.swift in Sources */ = {isa = PBXBuildFile; fileRef = 8533A828286E4A020077DE75 /* LungMetabolism.swift */; };
		8533A82C286E4A020077DE75 /* LungMetabolism.swift in Sources */ = {isa = PBXBuildFile; fileRef = 8533A828286E4A020077DE75 /* LungMetabolism.swift */; };
		8533A82E286E548E0077DE75 /* BrainMetabolism.swift in Sources */ = {isa = PBXBuildFile; fileRef = 8533A82D286E548E0077DE75 /* BrainMetabolism.swift */; };
		8533A82F286E548E0077DE75 /* BrainMetabolism.swift in Sources */ = {isa = PBXBuildFile; fileRef = 8533A82D286E548E0077DE75 /* BrainMetabolism.swift */; };
		8533A830286E548E0077DE75 /* BrainMetabolism.swift in Sources */ = {isa = PBXBuildFile; fileRef = 8533A82D286E548E0077DE75 /* BrainMetabolism.swift */; };
		8533A831286E548E0077DE75 /* BrainMetabolism.swift in Sources */ = {isa = PBXBuildFile; fileRef = 8533A82D286E548E0077DE75 /* BrainMetabolism.swift */; };
		8533A833286E612A0077DE75 /* Ventilation.swift in Sources */ = {isa = PBXBuildFile; fileRef = 8533A832286E612A0077DE75 /* Ventilation.swift */; };
		8533A834286E612A0077DE75 /* Ventilation.swift in Sources */ = {isa = PBXBuildFile; fileRef = 8533A832286E612A0077DE75 /* Ventilation.swift */; };
		8533A835286E612A0077DE75 /* Ventilation.swift in Sources */ = {isa = PBXBuildFile; fileRef = 8533A832286E612A0077DE75 /* Ventilation.swift */; };
		8533A836286E612A0077DE75 /* Ventilation.swift in Sources */ = {isa = PBXBuildFile; fileRef = 8533A832286E612A0077DE75 /* Ventilation.swift */; };
		85523187286A10A000484232 /* DebugConsoleOutput.swift in Sources */ = {isa = PBXBuildFile; fileRef = 85523186286A10A000484232 /* DebugConsoleOutput.swift */; };
		85523188286A10A000484232 /* DebugConsoleOutput.swift in Sources */ = {isa = PBXBuildFile; fileRef = 85523186286A10A000484232 /* DebugConsoleOutput.swift */; };
		85523189286A10A000484232 /* DebugConsoleOutput.swift in Sources */ = {isa = PBXBuildFile; fileRef = 85523186286A10A000484232 /* DebugConsoleOutput.swift */; };
		8552318A286A10A000484232 /* DebugConsoleOutput.swift in Sources */ = {isa = PBXBuildFile; fileRef = 85523186286A10A000484232 /* DebugConsoleOutput.swift */; };
		85A41CD22879F13000582062 /* LoadFactorDictionary.swift in Sources */ = {isa = PBXBuildFile; fileRef = 85A41CD12879F13000582062 /* LoadFactorDictionary.swift */; };
		85A41CD32879F13000582062 /* LoadFactorDictionary.swift in Sources */ = {isa = PBXBuildFile; fileRef = 85A41CD12879F13000582062 /* LoadFactorDictionary.swift */; };
		85A41CD42879F13000582062 /* LoadFactorDictionary.swift in Sources */ = {isa = PBXBuildFile; fileRef = 85A41CD12879F13000582062 /* LoadFactorDictionary.swift */; };
		85A41CD52879F13000582062 /* LoadFactorDictionary.swift in Sources */ = {isa = PBXBuildFile; fileRef = 85A41CD12879F13000582062 /* LoadFactorDictionary.swift */; };
		85B566FE2870D05A00D2B676 /* LungMetabolism2.swift in Sources */ = {isa = PBXBuildFile; fileRef = 85B566FD2870D05A00D2B676 /* LungMetabolism2.swift */; };
		85B566FF2870D05A00D2B676 /* LungMetabolism2.swift in Sources */ = {isa = PBXBuildFile; fileRef = 85B566FD2870D05A00D2B676 /* LungMetabolism2.swift */; };
		85B567002870D05A00D2B676 /* LungMetabolism2.swift in Sources */ = {isa = PBXBuildFile; fileRef = 85B566FD2870D05A00D2B676 /* LungMetabolism2.swift */; };
		85B567012870D05A00D2B676 /* LungMetabolism2.swift in Sources */ = {isa = PBXBuildFile; fileRef = 85B566FD2870D05A00D2B676 /* LungMetabolism2.swift */; };
		85B56703287225DC00D2B676 /* CalculatePressures2.swift in Sources */ = {isa = PBXBuildFile; fileRef = 85B56702287225DC00D2B676 /* CalculatePressures2.swift */; };
		85B56704287225DC00D2B676 /* CalculatePressures2.swift in Sources */ = {isa = PBXBuildFile; fileRef = 85B56702287225DC00D2B676 /* CalculatePressures2.swift */; };
		85B56705287225DC00D2B676 /* CalculatePressures2.swift in Sources */ = {isa = PBXBuildFile; fileRef = 85B56702287225DC00D2B676 /* CalculatePressures2.swift */; };
		85B56706287225DC00D2B676 /* CalculatePressures2.swift in Sources */ = {isa = PBXBuildFile; fileRef = 85B56702287225DC00D2B676 /* CalculatePressures2.swift */; };
		85B5670A28724AB400D2B676 /* CalculatePressures3.swift in Sources */ = {isa = PBXBuildFile; fileRef = 85B5670928724AB400D2B676 /* CalculatePressures3.swift */; };
		85B5670B28724AB400D2B676 /* CalculatePressures3.swift in Sources */ = {isa = PBXBuildFile; fileRef = 85B5670928724AB400D2B676 /* CalculatePressures3.swift */; };
		85B5670C28724AB400D2B676 /* CalculatePressures3.swift in Sources */ = {isa = PBXBuildFile; fileRef = 85B5670928724AB400D2B676 /* CalculatePressures3.swift */; };
		85B5670D28724AB400D2B676 /* CalculatePressures3.swift in Sources */ = {isa = PBXBuildFile; fileRef = 85B5670928724AB400D2B676 /* CalculatePressures3.swift */; };
		85B5670F28736ED700D2B676 /* CalculatePressures4.swift in Sources */ = {isa = PBXBuildFile; fileRef = 85B5670E28736ED700D2B676 /* CalculatePressures4.swift */; };
		85B5671028736ED700D2B676 /* CalculatePressures4.swift in Sources */ = {isa = PBXBuildFile; fileRef = 85B5670E28736ED700D2B676 /* CalculatePressures4.swift */; };
		85B5671128736ED700D2B676 /* CalculatePressures4.swift in Sources */ = {isa = PBXBuildFile; fileRef = 85B5670E28736ED700D2B676 /* CalculatePressures4.swift */; };
		85B5671228736ED700D2B676 /* CalculatePressures4.swift in Sources */ = {isa = PBXBuildFile; fileRef = 85B5670E28736ED700D2B676 /* CalculatePressures4.swift */; };
		85BB7375287B838C00B602EA /* VariableChangeView.swift in Sources */ = {isa = PBXBuildFile; fileRef = 85BB7374287B838C00B602EA /* VariableChangeView.swift */; };
		85BB7376287B838C00B602EA /* VariableChangeView.swift in Sources */ = {isa = PBXBuildFile; fileRef = 85BB7374287B838C00B602EA /* VariableChangeView.swift */; };
		85BB7378287CD1A700B602EA /* ChangeVariableValues.swift in Sources */ = {isa = PBXBuildFile; fileRef = 85BB7377287CD1A700B602EA /* ChangeVariableValues.swift */; };
		85BB7379287CD1A700B602EA /* ChangeVariableValues.swift in Sources */ = {isa = PBXBuildFile; fileRef = 85BB7377287CD1A700B602EA /* ChangeVariableValues.swift */; };
		85BB737A287CD1A700B602EA /* ChangeVariableValues.swift in Sources */ = {isa = PBXBuildFile; fileRef = 85BB7377287CD1A700B602EA /* ChangeVariableValues.swift */; };
		85BB737B287CD1A700B602EA /* ChangeVariableValues.swift in Sources */ = {isa = PBXBuildFile; fileRef = 85BB7377287CD1A700B602EA /* ChangeVariableValues.swift */; };
		85BB738C287E2BC600B602EA /* VariableListView.swift in Sources */ = {isa = PBXBuildFile; fileRef = 85BB738B287E2BC600B602EA /* VariableListView.swift */; };
		85BB738D287E2BC600B602EA /* VariableListView.swift in Sources */ = {isa = PBXBuildFile; fileRef = 85BB738B287E2BC600B602EA /* VariableListView.swift */; };
		85BB738E287E2BC600B602EA /* VariableListView.swift in Sources */ = {isa = PBXBuildFile; fileRef = 85BB738B287E2BC600B602EA /* VariableListView.swift */; };
		85BB738F287E2BC600B602EA /* VariableListView.swift in Sources */ = {isa = PBXBuildFile; fileRef = 85BB738B287E2BC600B602EA /* VariableListView.swift */; };
		85D596182933DF7700EDE968 /* VariableChangeView.swift in Sources */ = {isa = PBXBuildFile; fileRef = 85BB7374287B838C00B602EA /* VariableChangeView.swift */; };
		85D596192933DF7700EDE968 /* VariableChangeView.swift in Sources */ = {isa = PBXBuildFile; fileRef = 85BB7374287B838C00B602EA /* VariableChangeView.swift */; };
		85D5961B2933E13100EDE968 /* ConsoleView.swift in Sources */ = {isa = PBXBuildFile; fileRef = 85D5961A2933E13100EDE968 /* ConsoleView.swift */; };
		85D5961C2933E13100EDE968 /* ConsoleView.swift in Sources */ = {isa = PBXBuildFile; fileRef = 85D5961A2933E13100EDE968 /* ConsoleView.swift */; };
		85D5961D2933E13100EDE968 /* ConsoleView.swift in Sources */ = {isa = PBXBuildFile; fileRef = 85D5961A2933E13100EDE968 /* ConsoleView.swift */; };
		85D5961E2933E13100EDE968 /* ConsoleView.swift in Sources */ = {isa = PBXBuildFile; fileRef = 85D5961A2933E13100EDE968 /* ConsoleView.swift */; };
/* End PBXBuildFile section */

/* Begin PBXContainerItemProxy section */
		850DCADA286745FD00292A94 /* PBXContainerItemProxy */ = {
			isa = PBXContainerItemProxy;
			containerPortal = 850DCAC0286745FB00292A94 /* Project object */;
			proxyType = 1;
			remoteGlobalIDString = 850DCACB286745FD00292A94;
			remoteInfo = "MacPuf2022P (iOS)";
		};
		850DCAE6286745FD00292A94 /* PBXContainerItemProxy */ = {
			isa = PBXContainerItemProxy;
			containerPortal = 850DCAC0286745FB00292A94 /* Project object */;
			proxyType = 1;
			remoteGlobalIDString = 850DCAD1286745FD00292A94;
			remoteInfo = "MacPuf2022P (macOS)";
		};
/* End PBXContainerItemProxy section */

/* Begin PBXFileReference section */
		850DCAC5286745FB00292A94 /* MacPuf2022PApp.swift */ = {isa = PBXFileReference; lastKnownFileType = sourcecode.swift; path = MacPuf2022PApp.swift; sourceTree = "<group>"; };
		850DCAC6286745FB00292A94 /* ContentView.swift */ = {isa = PBXFileReference; lastKnownFileType = sourcecode.swift; path = ContentView.swift; sourceTree = "<group>"; };
		850DCAC7286745FD00292A94 /* Assets.xcassets */ = {isa = PBXFileReference; lastKnownFileType = folder.assetcatalog; path = Assets.xcassets; sourceTree = "<group>"; };
		850DCACC286745FD00292A94 /* MacPuf2022P.app */ = {isa = PBXFileReference; explicitFileType = wrapper.application; includeInIndex = 0; path = MacPuf2022P.app; sourceTree = BUILT_PRODUCTS_DIR; };
		850DCAD2286745FD00292A94 /* MacPuf2022P.app */ = {isa = PBXFileReference; explicitFileType = wrapper.application; includeInIndex = 0; path = MacPuf2022P.app; sourceTree = BUILT_PRODUCTS_DIR; };
		850DCAD4286745FD00292A94 /* macOS.entitlements */ = {isa = PBXFileReference; lastKnownFileType = text.plist.entitlements; path = macOS.entitlements; sourceTree = "<group>"; };
		850DCAD9286745FD00292A94 /* Tests iOS.xctest */ = {isa = PBXFileReference; explicitFileType = wrapper.cfbundle; includeInIndex = 0; path = "Tests iOS.xctest"; sourceTree = BUILT_PRODUCTS_DIR; };
		850DCADD286745FD00292A94 /* Tests_iOS.swift */ = {isa = PBXFileReference; lastKnownFileType = sourcecode.swift; path = Tests_iOS.swift; sourceTree = "<group>"; };
		850DCADF286745FD00292A94 /* Tests_iOSLaunchTests.swift */ = {isa = PBXFileReference; lastKnownFileType = sourcecode.swift; path = Tests_iOSLaunchTests.swift; sourceTree = "<group>"; };
		850DCAE5286745FD00292A94 /* Tests macOS.xctest */ = {isa = PBXFileReference; explicitFileType = wrapper.cfbundle; includeInIndex = 0; path = "Tests macOS.xctest"; sourceTree = BUILT_PRODUCTS_DIR; };
		850DCAE9286745FD00292A94 /* Tests_macOS.swift */ = {isa = PBXFileReference; lastKnownFileType = sourcecode.swift; path = Tests_macOS.swift; sourceTree = "<group>"; };
		850DCAEB286745FD00292A94 /* Tests_macOSLaunchTests.swift */ = {isa = PBXFileReference; lastKnownFileType = sourcecode.swift; path = Tests_macOSLaunchTests.swift; sourceTree = "<group>"; };
		850DCB072867626000292A94 /* CalculateContents.swift */ = {isa = PBXFileReference; lastKnownFileType = sourcecode.swift; path = CalculateContents.swift; sourceTree = "<group>"; };
		850DCB0C2867695B00292A94 /* Human.swift */ = {isa = PBXFileReference; lastKnownFileType = sourcecode.swift; path = Human.swift; sourceTree = "<group>"; };
		850DCB1128676B4100292A94 /* Simulator.swift */ = {isa = PBXFileReference; lastKnownFileType = sourcecode.swift; path = Simulator.swift; sourceTree = "<group>"; };
		850DCB1628677C8500292A94 /* TestCalculateContentFunction.swift */ = {isa = PBXFileReference; lastKnownFileType = sourcecode.swift; path = TestCalculateContentFunction.swift; sourceTree = "<group>"; };
		850DCB1828677E0400292A94 /* SmallFunctions.swift */ = {isa = PBXFileReference; lastKnownFileType = sourcecode.swift; path = SmallFunctions.swift; sourceTree = "<group>"; };
		850DCB1D28677E2B00292A94 /* CalculatePressures.swift */ = {isa = PBXFileReference; lastKnownFileType = sourcecode.swift; path = CalculatePressures.swift; sourceTree = "<group>"; };
		850DCB222867C9A400292A94 /* SettConstants.swift */ = {isa = PBXFileReference; lastKnownFileType = sourcecode.swift; path = SettConstants.swift; sourceTree = "<group>"; };
		850DCB282868E85800292A94 /* SetVariables.swift */ = {isa = PBXFileReference; lastKnownFileType = sourcecode.swift; path = SetVariables.swift; sourceTree = "<group>"; };
		8533A800286DEFE20077DE75 /* MACPUF17december1981JMD.for */ = {isa = PBXFileReference; fileEncoding = 4; lastKnownFileType = sourcecode.fortran; path = MACPUF17december1981JMD.for; sourceTree = "<group>"; };
		8533A805286DF3120077DE75 /* SetupCardiacOutput.swift */ = {isa = PBXFileReference; lastKnownFileType = sourcecode.swift; path = SetupCardiacOutput.swift; sourceTree = "<group>"; };
		8533A80A286DF7180077DE75 /* ArterialPool.swift */ = {isa = PBXFileReference; lastKnownFileType = sourcecode.swift; path = ArterialPool.swift; sourceTree = "<group>"; };
		8533A80F286E02A10077DE75 /* LactateMetabolism.swift */ = {isa = PBXFileReference; lastKnownFileType = sourcecode.swift; path = LactateMetabolism.swift; sourceTree = "<group>"; };
		8533A814286E08440077DE75 /* Function.swift */ = {isa = PBXFileReference; lastKnownFileType = sourcecode.swift; path = Function.swift; sourceTree = "<group>"; };
		8533A819286E28660077DE75 /* TissueNitrogenStores.swift */ = {isa = PBXFileReference; lastKnownFileType = sourcecode.swift; path = TissueNitrogenStores.swift; sourceTree = "<group>"; };
		8533A81E286E2AB90077DE75 /* TissueMetabolism.swift */ = {isa = PBXFileReference; lastKnownFileType = sourcecode.swift; path = TissueMetabolism.swift; sourceTree = "<group>"; };
		8533A823286E376E0077DE75 /* VenousDelay.swift */ = {isa = PBXFileReference; lastKnownFileType = sourcecode.swift; path = VenousDelay.swift; sourceTree = "<group>"; };
		8533A828286E4A020077DE75 /* LungMetabolism.swift */ = {isa = PBXFileReference; lastKnownFileType = sourcecode.swift; path = LungMetabolism.swift; sourceTree = "<group>"; };
		8533A82D286E548E0077DE75 /* BrainMetabolism.swift */ = {isa = PBXFileReference; lastKnownFileType = sourcecode.swift; path = BrainMetabolism.swift; sourceTree = "<group>"; };
		8533A832286E612A0077DE75 /* Ventilation.swift */ = {isa = PBXFileReference; lastKnownFileType = sourcecode.swift; path = Ventilation.swift; sourceTree = "<group>"; };
		85523186286A10A000484232 /* DebugConsoleOutput.swift */ = {isa = PBXFileReference; lastKnownFileType = sourcecode.swift; path = DebugConsoleOutput.swift; sourceTree = "<group>"; };
		85A41CC9287794B900582062 /* DictFile.swift */ = {isa = PBXFileReference; lastKnownFileType = sourcecode.swift; path = DictFile.swift; sourceTree = "<group>"; };
		85A41CD12879F13000582062 /* LoadFactorDictionary.swift */ = {isa = PBXFileReference; lastKnownFileType = sourcecode.swift; path = LoadFactorDictionary.swift; sourceTree = "<group>"; };
		85B566FD2870D05A00D2B676 /* LungMetabolism2.swift */ = {isa = PBXFileReference; lastKnownFileType = sourcecode.swift; path = LungMetabolism2.swift; sourceTree = "<group>"; };
		85B56702287225DC00D2B676 /* CalculatePressures2.swift */ = {isa = PBXFileReference; lastKnownFileType = sourcecode.swift; path = CalculatePressures2.swift; sourceTree = "<group>"; };
		85B567072872263900D2B676 /* FORTRAN CalcPressures.md */ = {isa = PBXFileReference; lastKnownFileType = net.daringfireball.markdown; path = "FORTRAN CalcPressures.md"; sourceTree = "<group>"; };
		85B5670928724AB400D2B676 /* CalculatePressures3.swift */ = {isa = PBXFileReference; lastKnownFileType = sourcecode.swift; path = CalculatePressures3.swift; sourceTree = "<group>"; };
		85B5670E28736ED700D2B676 /* CalculatePressures4.swift */ = {isa = PBXFileReference; lastKnownFileType = sourcecode.swift; path = CalculatePressures4.swift; sourceTree = "<group>"; };
		85BB7374287B838C00B602EA /* VariableChangeView.swift */ = {isa = PBXFileReference; lastKnownFileType = sourcecode.swift; path = VariableChangeView.swift; sourceTree = "<group>"; };
		85BB7377287CD1A700B602EA /* ChangeVariableValues.swift */ = {isa = PBXFileReference; lastKnownFileType = sourcecode.swift; path = ChangeVariableValues.swift; sourceTree = "<group>"; };
		85BB738B287E2BC600B602EA /* VariableListView.swift */ = {isa = PBXFileReference; lastKnownFileType = sourcecode.swift; path = VariableListView.swift; sourceTree = "<group>"; };
		85D5961A2933E13100EDE968 /* ConsoleView.swift */ = {isa = PBXFileReference; lastKnownFileType = sourcecode.swift; path = ConsoleView.swift; sourceTree = "<group>"; };
/* End PBXFileReference section */

/* Begin PBXFrameworksBuildPhase section */
		850DCAC9286745FD00292A94 /* Frameworks */ = {
			isa = PBXFrameworksBuildPhase;
			buildActionMask = 2147483647;
			files = (
			);
			runOnlyForDeploymentPostprocessing = 0;
		};
		850DCACF286745FD00292A94 /* Frameworks */ = {
			isa = PBXFrameworksBuildPhase;
			buildActionMask = 2147483647;
			files = (
			);
			runOnlyForDeploymentPostprocessing = 0;
		};
		850DCAD6286745FD00292A94 /* Frameworks */ = {
			isa = PBXFrameworksBuildPhase;
			buildActionMask = 2147483647;
			files = (
			);
			runOnlyForDeploymentPostprocessing = 0;
		};
		850DCAE2286745FD00292A94 /* Frameworks */ = {
			isa = PBXFrameworksBuildPhase;
			buildActionMask = 2147483647;
			files = (
			);
			runOnlyForDeploymentPostprocessing = 0;
		};
/* End PBXFrameworksBuildPhase section */

/* Begin PBXGroup section */
		850DCABF286745FB00292A94 = {
			isa = PBXGroup;
			children = (
				850DCAC4286745FB00292A94 /* Shared */,
				850DCAD3286745FD00292A94 /* macOS */,
				850DCADC286745FD00292A94 /* Tests iOS */,
				850DCAE8286745FD00292A94 /* Tests macOS */,
				8533A7FF286DEF9F0077DE75 /* FORTRAN Source */,
				850DCACD286745FD00292A94 /* Products */,
			);
			sourceTree = "<group>";
		};
		850DCAC4286745FB00292A94 /* Shared */ = {
			isa = PBXGroup;
			children = (
				850DCAC5286745FB00292A94 /* MacPuf2022PApp.swift */,
				850DCB272867C9B300292A94 /* Human Model */,
				85A41CD02879F0A400582062 /* Views */,
				85A41CCA2878C3FF00582062 /* View Models */,
				85A41CC9287794B900582062 /* DictFile.swift */,
				850DCAC7286745FD00292A94 /* Assets.xcassets */,
			);
			path = Shared;
			sourceTree = "<group>";
		};
		850DCACD286745FD00292A94 /* Products */ = {
			isa = PBXGroup;
			children = (
				850DCACC286745FD00292A94 /* MacPuf2022P.app */,
				850DCAD2286745FD00292A94 /* MacPuf2022P.app */,
				850DCAD9286745FD00292A94 /* Tests iOS.xctest */,
				850DCAE5286745FD00292A94 /* Tests macOS.xctest */,
			);
			name = Products;
			sourceTree = "<group>";
		};
		850DCAD3286745FD00292A94 /* macOS */ = {
			isa = PBXGroup;
			children = (
				850DCAD4286745FD00292A94 /* macOS.entitlements */,
			);
			path = macOS;
			sourceTree = "<group>";
		};
		850DCADC286745FD00292A94 /* Tests iOS */ = {
			isa = PBXGroup;
			children = (
				850DCADD286745FD00292A94 /* Tests_iOS.swift */,
				850DCADF286745FD00292A94 /* Tests_iOSLaunchTests.swift */,
				850DCB1628677C8500292A94 /* TestCalculateContentFunction.swift */,
			);
			path = "Tests iOS";
			sourceTree = "<group>";
		};
		850DCAE8286745FD00292A94 /* Tests macOS */ = {
			isa = PBXGroup;
			children = (
				850DCAE9286745FD00292A94 /* Tests_macOS.swift */,
				850DCAEB286745FD00292A94 /* Tests_macOSLaunchTests.swift */,
			);
			path = "Tests macOS";
			sourceTree = "<group>";
		};
		850DCB272867C9B300292A94 /* Human Model */ = {
			isa = PBXGroup;
			children = (
				850DCB0C2867695B00292A94 /* Human.swift */,
				85B5670E28736ED700D2B676 /* CalculatePressures4.swift */,
				850DCB222867C9A400292A94 /* SettConstants.swift */,
				850DCB282868E85800292A94 /* SetVariables.swift */,
				85523186286A10A000484232 /* DebugConsoleOutput.swift */,
				8533A805286DF3120077DE75 /* SetupCardiacOutput.swift */,
				8533A80A286DF7180077DE75 /* ArterialPool.swift */,
				8533A828286E4A020077DE75 /* LungMetabolism.swift */,
				85B566FD2870D05A00D2B676 /* LungMetabolism2.swift */,
				8533A80F286E02A10077DE75 /* LactateMetabolism.swift */,
				8533A814286E08440077DE75 /* Function.swift */,
				8533A819286E28660077DE75 /* TissueNitrogenStores.swift */,
				8533A81E286E2AB90077DE75 /* TissueMetabolism.swift */,
				85B56702287225DC00D2B676 /* CalculatePressures2.swift */,
				8533A823286E376E0077DE75 /* VenousDelay.swift */,
				850DCB072867626000292A94 /* CalculateContents.swift */,
				85B5670928724AB400D2B676 /* CalculatePressures3.swift */,
				850DCB1D28677E2B00292A94 /* CalculatePressures.swift */,
				850DCB1828677E0400292A94 /* SmallFunctions.swift */,
				8533A82D286E548E0077DE75 /* BrainMetabolism.swift */,
				8533A832286E612A0077DE75 /* Ventilation.swift */,
			);
			path = "Human Model";
			sourceTree = "<group>";
		};
		8533A7FF286DEF9F0077DE75 /* FORTRAN Source */ = {
			isa = PBXGroup;
			children = (
				85B567072872263900D2B676 /* FORTRAN CalcPressures.md */,
				8533A800286DEFE20077DE75 /* MACPUF17december1981JMD.for */,
			);
			path = "FORTRAN Source";
			sourceTree = "<group>";
		};
		85A41CCA2878C3FF00582062 /* View Models */ = {
			isa = PBXGroup;
			children = (
				850DCB1128676B4100292A94 /* Simulator.swift */,
				85A41CD12879F13000582062 /* LoadFactorDictionary.swift */,
				85BB7377287CD1A700B602EA /* ChangeVariableValues.swift */,
			);
			path = "View Models";
			sourceTree = "<group>";
		};
		85A41CD02879F0A400582062 /* Views */ = {
			isa = PBXGroup;
			children = (
				850DCAC6286745FB00292A94 /* ContentView.swift */,
				85BB7374287B838C00B602EA /* VariableChangeView.swift */,
				85BB738B287E2BC600B602EA /* VariableListView.swift */,
				85D5961A2933E13100EDE968 /* ConsoleView.swift */,
			);
			path = Views;
			sourceTree = "<group>";
		};
/* End PBXGroup section */

/* Begin PBXNativeTarget section */
		850DCACB286745FD00292A94 /* MacPuf2022P (iOS) */ = {
			isa = PBXNativeTarget;
			buildConfigurationList = 850DCAF5286745FD00292A94 /* Build configuration list for PBXNativeTarget "MacPuf2022P (iOS)" */;
			buildPhases = (
				850DCAC8286745FD00292A94 /* Sources */,
				850DCAC9286745FD00292A94 /* Frameworks */,
				850DCACA286745FD00292A94 /* Resources */,
			);
			buildRules = (
			);
			dependencies = (
			);
			name = "MacPuf2022P (iOS)";
			productName = "MacPuf2022P (iOS)";
			productReference = 850DCACC286745FD00292A94 /* MacPuf2022P.app */;
			productType = "com.apple.product-type.application";
		};
		850DCAD1286745FD00292A94 /* MacPuf2022P (macOS) */ = {
			isa = PBXNativeTarget;
			buildConfigurationList = 850DCAF8286745FD00292A94 /* Build configuration list for PBXNativeTarget "MacPuf2022P (macOS)" */;
			buildPhases = (
				850DCACE286745FD00292A94 /* Sources */,
				850DCACF286745FD00292A94 /* Frameworks */,
				850DCAD0286745FD00292A94 /* Resources */,
			);
			buildRules = (
			);
			dependencies = (
			);
			name = "MacPuf2022P (macOS)";
			productName = "MacPuf2022P (macOS)";
			productReference = 850DCAD2286745FD00292A94 /* MacPuf2022P.app */;
			productType = "com.apple.product-type.application";
		};
		850DCAD8286745FD00292A94 /* Tests iOS */ = {
			isa = PBXNativeTarget;
			buildConfigurationList = 850DCAFB286745FD00292A94 /* Build configuration list for PBXNativeTarget "Tests iOS" */;
			buildPhases = (
				850DCAD5286745FD00292A94 /* Sources */,
				850DCAD6286745FD00292A94 /* Frameworks */,
				850DCAD7286745FD00292A94 /* Resources */,
			);
			buildRules = (
			);
			dependencies = (
				850DCADB286745FD00292A94 /* PBXTargetDependency */,
			);
			name = "Tests iOS";
			productName = "Tests iOS";
			productReference = 850DCAD9286745FD00292A94 /* Tests iOS.xctest */;
			productType = "com.apple.product-type.bundle.ui-testing";
		};
		850DCAE4286745FD00292A94 /* Tests macOS */ = {
			isa = PBXNativeTarget;
			buildConfigurationList = 850DCAFE286745FD00292A94 /* Build configuration list for PBXNativeTarget "Tests macOS" */;
			buildPhases = (
				850DCAE1286745FD00292A94 /* Sources */,
				850DCAE2286745FD00292A94 /* Frameworks */,
				850DCAE3286745FD00292A94 /* Resources */,
			);
			buildRules = (
			);
			dependencies = (
				850DCAE7286745FD00292A94 /* PBXTargetDependency */,
			);
			name = "Tests macOS";
			productName = "Tests macOS";
			productReference = 850DCAE5286745FD00292A94 /* Tests macOS.xctest */;
			productType = "com.apple.product-type.bundle.ui-testing";
		};
/* End PBXNativeTarget section */

/* Begin PBXProject section */
		850DCAC0286745FB00292A94 /* Project object */ = {
			isa = PBXProject;
			attributes = {
				BuildIndependentTargetsInParallel = 1;
				LastSwiftUpdateCheck = 1340;
				LastUpgradeCheck = 1410;
				TargetAttributes = {
					850DCACB286745FD00292A94 = {
						CreatedOnToolsVersion = 13.4.1;
					};
					850DCAD1286745FD00292A94 = {
						CreatedOnToolsVersion = 13.4.1;
					};
					850DCAD8286745FD00292A94 = {
						CreatedOnToolsVersion = 13.4.1;
						TestTargetID = 850DCACB286745FD00292A94;
					};
					850DCAE4286745FD00292A94 = {
						CreatedOnToolsVersion = 13.4.1;
						TestTargetID = 850DCAD1286745FD00292A94;
					};
				};
			};
			buildConfigurationList = 850DCAC3286745FB00292A94 /* Build configuration list for PBXProject "MacPuf2022P" */;
			compatibilityVersion = "Xcode 13.0";
			developmentRegion = en;
			hasScannedForEncodings = 0;
			knownRegions = (
				en,
				Base,
			);
			mainGroup = 850DCABF286745FB00292A94;
			productRefGroup = 850DCACD286745FD00292A94 /* Products */;
			projectDirPath = "";
			projectRoot = "";
			targets = (
				850DCACB286745FD00292A94 /* MacPuf2022P (iOS) */,
				850DCAD1286745FD00292A94 /* MacPuf2022P (macOS) */,
				850DCAD8286745FD00292A94 /* Tests iOS */,
				850DCAE4286745FD00292A94 /* Tests macOS */,
			);
		};
/* End PBXProject section */

/* Begin PBXResourcesBuildPhase section */
		850DCACA286745FD00292A94 /* Resources */ = {
			isa = PBXResourcesBuildPhase;
			buildActionMask = 2147483647;
			files = (
				850DCAF1286745FD00292A94 /* Assets.xcassets in Resources */,
			);
			runOnlyForDeploymentPostprocessing = 0;
		};
		850DCAD0286745FD00292A94 /* Resources */ = {
			isa = PBXResourcesBuildPhase;
			buildActionMask = 2147483647;
			files = (
				850DCAF2286745FD00292A94 /* Assets.xcassets in Resources */,
			);
			runOnlyForDeploymentPostprocessing = 0;
		};
		850DCAD7286745FD00292A94 /* Resources */ = {
			isa = PBXResourcesBuildPhase;
			buildActionMask = 2147483647;
			files = (
			);
			runOnlyForDeploymentPostprocessing = 0;
		};
		850DCAE3286745FD00292A94 /* Resources */ = {
			isa = PBXResourcesBuildPhase;
			buildActionMask = 2147483647;
			files = (
			);
			runOnlyForDeploymentPostprocessing = 0;
		};
/* End PBXResourcesBuildPhase section */

/* Begin PBXSourcesBuildPhase section */
		850DCAC8286745FD00292A94 /* Sources */ = {
			isa = PBXSourcesBuildPhase;
			buildActionMask = 2147483647;
			files = (
				85BB7378287CD1A700B602EA /* ChangeVariableValues.swift in Sources */,
				85BB7375287B838C00B602EA /* VariableChangeView.swift in Sources */,
				85BB738C287E2BC600B602EA /* VariableListView.swift in Sources */,
				85A41CD22879F13000582062 /* LoadFactorDictionary.swift in Sources */,
				85D5961B2933E13100EDE968 /* ConsoleView.swift in Sources */,
				8533A81F286E2AB90077DE75 /* TissueMetabolism.swift in Sources */,
				8533A806286DF3120077DE75 /* SetupCardiacOutput.swift in Sources */,
				8533A810286E02A10077DE75 /* LactateMetabolism.swift in Sources */,
				85523187286A10A000484232 /* DebugConsoleOutput.swift in Sources */,
				850DCAEF286745FD00292A94 /* ContentView.swift in Sources */,
				8533A829286E4A020077DE75 /* LungMetabolism.swift in Sources */,
				850DCB1228676B4100292A94 /* Simulator.swift in Sources */,
				850DCB232867C9A400292A94 /* SettConstants.swift in Sources */,
				85B56703287225DC00D2B676 /* CalculatePressures2.swift in Sources */,
				850DCB292868E85800292A94 /* SetVariables.swift in Sources */,
				8533A82E286E548E0077DE75 /* BrainMetabolism.swift in Sources */,
				850DCB082867626000292A94 /* CalculateContents.swift in Sources */,
				8533A81A286E28660077DE75 /* TissueNitrogenStores.swift in Sources */,
				850DCAED286745FD00292A94 /* MacPuf2022PApp.swift in Sources */,
				8533A815286E08440077DE75 /* Function.swift in Sources */,
				850DCB1928677E0400292A94 /* SmallFunctions.swift in Sources */,
				8533A80B286DF7180077DE75 /* ArterialPool.swift in Sources */,
				85B5670A28724AB400D2B676 /* CalculatePressures3.swift in Sources */,
				85B5670F28736ED700D2B676 /* CalculatePressures4.swift in Sources */,
				850DCB0D2867695B00292A94 /* Human.swift in Sources */,
				850DCB1E28677E2B00292A94 /* CalculatePressures.swift in Sources */,
				85B566FE2870D05A00D2B676 /* LungMetabolism2.swift in Sources */,
				8533A833286E612A0077DE75 /* Ventilation.swift in Sources */,
				8533A824286E376E0077DE75 /* VenousDelay.swift in Sources */,
			);
			runOnlyForDeploymentPostprocessing = 0;
		};
		850DCACE286745FD00292A94 /* Sources */ = {
			isa = PBXSourcesBuildPhase;
			buildActionMask = 2147483647;
			files = (
				85BB7379287CD1A700B602EA /* ChangeVariableValues.swift in Sources */,
				85BB7376287B838C00B602EA /* VariableChangeView.swift in Sources */,
				85BB738D287E2BC600B602EA /* VariableListView.swift in Sources */,
				85A41CD32879F13000582062 /* LoadFactorDictionary.swift in Sources */,
				85D5961C2933E13100EDE968 /* ConsoleView.swift in Sources */,
				8533A820286E2AB90077DE75 /* TissueMetabolism.swift in Sources */,
				8533A807286DF3120077DE75 /* SetupCardiacOutput.swift in Sources */,
				8533A811286E02A10077DE75 /* LactateMetabolism.swift in Sources */,
				85523188286A10A000484232 /* DebugConsoleOutput.swift in Sources */,
				850DCAF0286745FD00292A94 /* ContentView.swift in Sources */,
				8533A82A286E4A020077DE75 /* LungMetabolism.swift in Sources */,
				850DCB1328676B4100292A94 /* Simulator.swift in Sources */,
				850DCB242867C9A400292A94 /* SettConstants.swift in Sources */,
				85B56704287225DC00D2B676 /* CalculatePressures2.swift in Sources */,
				850DCB2A2868E85800292A94 /* SetVariables.swift in Sources */,
				8533A82F286E548E0077DE75 /* BrainMetabolism.swift in Sources */,
				850DCB092867626000292A94 /* CalculateContents.swift in Sources */,
				8533A81B286E28660077DE75 /* TissueNitrogenStores.swift in Sources */,
				850DCAEE286745FD00292A94 /* MacPuf2022PApp.swift in Sources */,
				8533A816286E08440077DE75 /* Function.swift in Sources */,
				850DCB1A28677E0400292A94 /* SmallFunctions.swift in Sources */,
				8533A80C286DF7180077DE75 /* ArterialPool.swift in Sources */,
				85B5670B28724AB400D2B676 /* CalculatePressures3.swift in Sources */,
				85B5671028736ED700D2B676 /* CalculatePressures4.swift in Sources */,
				850DCB0E2867695B00292A94 /* Human.swift in Sources */,
				850DCB1F28677E2B00292A94 /* CalculatePressures.swift in Sources */,
				85B566FF2870D05A00D2B676 /* LungMetabolism2.swift in Sources */,
				8533A834286E612A0077DE75 /* Ventilation.swift in Sources */,
				8533A825286E376E0077DE75 /* VenousDelay.swift in Sources */,
			);
			runOnlyForDeploymentPostprocessing = 0;
		};
		850DCAD5286745FD00292A94 /* Sources */ = {
			isa = PBXSourcesBuildPhase;
			buildActionMask = 2147483647;
			files = (
				85BB737A287CD1A700B602EA /* ChangeVariableValues.swift in Sources */,
				85B5670C28724AB400D2B676 /* CalculatePressures3.swift in Sources */,
				85BB738E287E2BC600B602EA /* VariableListView.swift in Sources */,
				8533A808286DF3120077DE75 /* SetupCardiacOutput.swift in Sources */,
				8533A835286E612A0077DE75 /* Ventilation.swift in Sources */,
				850DCB2B2868E85800292A94 /* SetVariables.swift in Sources */,
				8533A830286E548E0077DE75 /* BrainMetabolism.swift in Sources */,
				85D596182933DF7700EDE968 /* VariableChangeView.swift in Sources */,
				850DCB0A2867626000292A94 /* CalculateContents.swift in Sources */,
				850DCB1428676B4100292A94 /* Simulator.swift in Sources */,
				85B5671128736ED700D2B676 /* CalculatePressures4.swift in Sources */,
				8533A812286E02A10077DE75 /* LactateMetabolism.swift in Sources */,
				8533A80D286DF7180077DE75 /* ArterialPool.swift in Sources */,
				8533A821286E2AB90077DE75 /* TissueMetabolism.swift in Sources */,
				850DCAE0286745FD00292A94 /* Tests_iOSLaunchTests.swift in Sources */,
				850DCADE286745FD00292A94 /* Tests_iOS.swift in Sources */,
				85D5961D2933E13100EDE968 /* ConsoleView.swift in Sources */,
				85B56705287225DC00D2B676 /* CalculatePressures2.swift in Sources */,
				850DCB1728677C8500292A94 /* TestCalculateContentFunction.swift in Sources */,
				850DCB2028677E2B00292A94 /* CalculatePressures.swift in Sources */,
				850DCB0F2867695B00292A94 /* Human.swift in Sources */,
				850DCB1B28677E0400292A94 /* SmallFunctions.swift in Sources */,
				8533A82B286E4A020077DE75 /* LungMetabolism.swift in Sources */,
				8533A826286E376E0077DE75 /* VenousDelay.swift in Sources */,
				8533A81C286E28660077DE75 /* TissueNitrogenStores.swift in Sources */,
				85523189286A10A000484232 /* DebugConsoleOutput.swift in Sources */,
				850DCB252867C9A400292A94 /* SettConstants.swift in Sources */,
				8533A817286E08440077DE75 /* Function.swift in Sources */,
				85A41CD42879F13000582062 /* LoadFactorDictionary.swift in Sources */,
				85B567002870D05A00D2B676 /* LungMetabolism2.swift in Sources */,
			);
			runOnlyForDeploymentPostprocessing = 0;
		};
		850DCAE1286745FD00292A94 /* Sources */ = {
			isa = PBXSourcesBuildPhase;
			buildActionMask = 2147483647;
			files = (
				85A41CD52879F13000582062 /* LoadFactorDictionary.swift in Sources */,
				8533A822286E2AB90077DE75 /* TissueMetabolism.swift in Sources */,
				8533A809286DF3120077DE75 /* SetupCardiacOutput.swift in Sources */,
				8533A813286E02A10077DE75 /* LactateMetabolism.swift in Sources */,
				85D5961E2933E13100EDE968 /* ConsoleView.swift in Sources */,
				8552318A286A10A000484232 /* DebugConsoleOutput.swift in Sources */,
				850DCB0B2867626000292A94 /* CalculateContents.swift in Sources */,
				8533A82C286E4A020077DE75 /* LungMetabolism.swift in Sources */,
				850DCB1528676B4100292A94 /* Simulator.swift in Sources */,
				850DCB262867C9A400292A94 /* SettConstants.swift in Sources */,
				85B56706287225DC00D2B676 /* CalculatePressures2.swift in Sources */,
				850DCB2C2868E85800292A94 /* SetVariables.swift in Sources */,
				8533A831286E548E0077DE75 /* BrainMetabolism.swift in Sources */,
				850DCAEC286745FD00292A94 /* Tests_macOSLaunchTests.swift in Sources */,
				85BB738F287E2BC600B602EA /* VariableListView.swift in Sources */,
				85D596192933DF7700EDE968 /* VariableChangeView.swift in Sources */,
				8533A81D286E28660077DE75 /* TissueNitrogenStores.swift in Sources */,
				850DCAEA286745FD00292A94 /* Tests_macOS.swift in Sources */,
				8533A818286E08440077DE75 /* Function.swift in Sources */,
				850DCB1C28677E0400292A94 /* SmallFunctions.swift in Sources */,
				8533A80E286DF7180077DE75 /* ArterialPool.swift in Sources */,
				85B5670D28724AB400D2B676 /* CalculatePressures3.swift in Sources */,
				85B5671228736ED700D2B676 /* CalculatePressures4.swift in Sources */,
				850DCB102867695B00292A94 /* Human.swift in Sources */,
				85BB737B287CD1A700B602EA /* ChangeVariableValues.swift in Sources */,
				850DCB2128677E2B00292A94 /* CalculatePressures.swift in Sources */,
				85B567012870D05A00D2B676 /* LungMetabolism2.swift in Sources */,
				8533A836286E612A0077DE75 /* Ventilation.swift in Sources */,
				8533A827286E376E0077DE75 /* VenousDelay.swift in Sources */,
			);
			runOnlyForDeploymentPostprocessing = 0;
		};
/* End PBXSourcesBuildPhase section */

/* Begin PBXTargetDependency section */
		850DCADB286745FD00292A94 /* PBXTargetDependency */ = {
			isa = PBXTargetDependency;
			target = 850DCACB286745FD00292A94 /* MacPuf2022P (iOS) */;
			targetProxy = 850DCADA286745FD00292A94 /* PBXContainerItemProxy */;
		};
		850DCAE7286745FD00292A94 /* PBXTargetDependency */ = {
			isa = PBXTargetDependency;
			target = 850DCAD1286745FD00292A94 /* MacPuf2022P (macOS) */;
			targetProxy = 850DCAE6286745FD00292A94 /* PBXContainerItemProxy */;
		};
/* End PBXTargetDependency section */

/* Begin XCBuildConfiguration section */
		850DCAF3286745FD00292A94 /* Debug */ = {
			isa = XCBuildConfiguration;
			buildSettings = {
				ALWAYS_SEARCH_USER_PATHS = NO;
				CLANG_ANALYZER_NONNULL = YES;
				CLANG_ANALYZER_NUMBER_OBJECT_CONVERSION = YES_AGGRESSIVE;
				CLANG_CXX_LANGUAGE_STANDARD = "gnu++17";
				CLANG_ENABLE_MODULES = YES;
				CLANG_ENABLE_OBJC_ARC = YES;
				CLANG_ENABLE_OBJC_WEAK = YES;
				CLANG_WARN_BLOCK_CAPTURE_AUTORELEASING = YES;
				CLANG_WARN_BOOL_CONVERSION = YES;
				CLANG_WARN_COMMA = YES;
				CLANG_WARN_CONSTANT_CONVERSION = YES;
				CLANG_WARN_DEPRECATED_OBJC_IMPLEMENTATIONS = YES;
				CLANG_WARN_DIRECT_OBJC_ISA_USAGE = YES_ERROR;
				CLANG_WARN_DOCUMENTATION_COMMENTS = YES;
				CLANG_WARN_EMPTY_BODY = YES;
				CLANG_WARN_ENUM_CONVERSION = YES;
				CLANG_WARN_INFINITE_RECURSION = YES;
				CLANG_WARN_INT_CONVERSION = YES;
				CLANG_WARN_NON_LITERAL_NULL_CONVERSION = YES;
				CLANG_WARN_OBJC_IMPLICIT_RETAIN_SELF = YES;
				CLANG_WARN_OBJC_LITERAL_CONVERSION = YES;
				CLANG_WARN_OBJC_ROOT_CLASS = YES_ERROR;
				CLANG_WARN_QUOTED_INCLUDE_IN_FRAMEWORK_HEADER = YES;
				CLANG_WARN_RANGE_LOOP_ANALYSIS = YES;
				CLANG_WARN_STRICT_PROTOTYPES = YES;
				CLANG_WARN_SUSPICIOUS_MOVE = YES;
				CLANG_WARN_UNGUARDED_AVAILABILITY = YES_AGGRESSIVE;
				CLANG_WARN_UNREACHABLE_CODE = YES;
				CLANG_WARN__DUPLICATE_METHOD_MATCH = YES;
				COPY_PHASE_STRIP = NO;
				DEAD_CODE_STRIPPING = YES;
				DEBUG_INFORMATION_FORMAT = dwarf;
				ENABLE_STRICT_OBJC_MSGSEND = YES;
				ENABLE_TESTABILITY = YES;
				GCC_C_LANGUAGE_STANDARD = gnu11;
				GCC_DYNAMIC_NO_PIC = NO;
				GCC_NO_COMMON_BLOCKS = YES;
				GCC_OPTIMIZATION_LEVEL = 0;
				GCC_PREPROCESSOR_DEFINITIONS = (
					"DEBUG=1",
					"$(inherited)",
				);
				GCC_WARN_64_TO_32_BIT_CONVERSION = YES;
				GCC_WARN_ABOUT_RETURN_TYPE = YES_ERROR;
				GCC_WARN_UNDECLARED_SELECTOR = YES;
				GCC_WARN_UNINITIALIZED_AUTOS = YES_AGGRESSIVE;
				GCC_WARN_UNUSED_FUNCTION = YES;
				GCC_WARN_UNUSED_VARIABLE = YES;
				MTL_ENABLE_DEBUG_INFO = INCLUDE_SOURCE;
				MTL_FAST_MATH = YES;
				ONLY_ACTIVE_ARCH = YES;
				SWIFT_ACTIVE_COMPILATION_CONDITIONS = DEBUG;
				SWIFT_OPTIMIZATION_LEVEL = "-Onone";
			};
			name = Debug;
		};
		850DCAF4286745FD00292A94 /* Release */ = {
			isa = XCBuildConfiguration;
			buildSettings = {
				ALWAYS_SEARCH_USER_PATHS = NO;
				CLANG_ANALYZER_NONNULL = YES;
				CLANG_ANALYZER_NUMBER_OBJECT_CONVERSION = YES_AGGRESSIVE;
				CLANG_CXX_LANGUAGE_STANDARD = "gnu++17";
				CLANG_ENABLE_MODULES = YES;
				CLANG_ENABLE_OBJC_ARC = YES;
				CLANG_ENABLE_OBJC_WEAK = YES;
				CLANG_WARN_BLOCK_CAPTURE_AUTORELEASING = YES;
				CLANG_WARN_BOOL_CONVERSION = YES;
				CLANG_WARN_COMMA = YES;
				CLANG_WARN_CONSTANT_CONVERSION = YES;
				CLANG_WARN_DEPRECATED_OBJC_IMPLEMENTATIONS = YES;
				CLANG_WARN_DIRECT_OBJC_ISA_USAGE = YES_ERROR;
				CLANG_WARN_DOCUMENTATION_COMMENTS = YES;
				CLANG_WARN_EMPTY_BODY = YES;
				CLANG_WARN_ENUM_CONVERSION = YES;
				CLANG_WARN_INFINITE_RECURSION = YES;
				CLANG_WARN_INT_CONVERSION = YES;
				CLANG_WARN_NON_LITERAL_NULL_CONVERSION = YES;
				CLANG_WARN_OBJC_IMPLICIT_RETAIN_SELF = YES;
				CLANG_WARN_OBJC_LITERAL_CONVERSION = YES;
				CLANG_WARN_OBJC_ROOT_CLASS = YES_ERROR;
				CLANG_WARN_QUOTED_INCLUDE_IN_FRAMEWORK_HEADER = YES;
				CLANG_WARN_RANGE_LOOP_ANALYSIS = YES;
				CLANG_WARN_STRICT_PROTOTYPES = YES;
				CLANG_WARN_SUSPICIOUS_MOVE = YES;
				CLANG_WARN_UNGUARDED_AVAILABILITY = YES_AGGRESSIVE;
				CLANG_WARN_UNREACHABLE_CODE = YES;
				CLANG_WARN__DUPLICATE_METHOD_MATCH = YES;
				COPY_PHASE_STRIP = NO;
				DEAD_CODE_STRIPPING = YES;
				DEBUG_INFORMATION_FORMAT = "dwarf-with-dsym";
				ENABLE_NS_ASSERTIONS = NO;
				ENABLE_STRICT_OBJC_MSGSEND = YES;
				GCC_C_LANGUAGE_STANDARD = gnu11;
				GCC_NO_COMMON_BLOCKS = YES;
				GCC_WARN_64_TO_32_BIT_CONVERSION = YES;
				GCC_WARN_ABOUT_RETURN_TYPE = YES_ERROR;
				GCC_WARN_UNDECLARED_SELECTOR = YES;
				GCC_WARN_UNINITIALIZED_AUTOS = YES_AGGRESSIVE;
				GCC_WARN_UNUSED_FUNCTION = YES;
				GCC_WARN_UNUSED_VARIABLE = YES;
				MTL_ENABLE_DEBUG_INFO = NO;
				MTL_FAST_MATH = YES;
				SWIFT_COMPILATION_MODE = wholemodule;
				SWIFT_OPTIMIZATION_LEVEL = "-O";
			};
			name = Release;
		};
		850DCAF6286745FD00292A94 /* Debug */ = {
			isa = XCBuildConfiguration;
			buildSettings = {
				ASSETCATALOG_COMPILER_APPICON_NAME = AppIcon;
				ASSETCATALOG_COMPILER_GLOBAL_ACCENT_COLOR_NAME = AccentColor;
				CODE_SIGN_STYLE = Automatic;
				CURRENT_PROJECT_VERSION = 1;
				DEVELOPMENT_TEAM = 4WMEP3BNE5;
				ENABLE_PREVIEWS = YES;
				GENERATE_INFOPLIST_FILE = YES;
				INFOPLIST_KEY_CFBundleDisplayName = MacPuf;
				INFOPLIST_KEY_UIApplicationSceneManifest_Generation = YES;
				INFOPLIST_KEY_UIApplicationSupportsIndirectInputEvents = YES;
				INFOPLIST_KEY_UILaunchScreen_Generation = YES;
				INFOPLIST_KEY_UILaunchStoryboardName = "/Users/jmichaeldean/Documents/Developer MacPuf/MacPuf2022P/Shared/Assets.xcassets/AppIcon.appiconset/puf4.png";
				INFOPLIST_KEY_UISupportedInterfaceOrientations = "UIInterfaceOrientationLandscapeLeft UIInterfaceOrientationLandscapeRight";
				INFOPLIST_KEY_UISupportedInterfaceOrientations_iPad = "UIInterfaceOrientationPortrait UIInterfaceOrientationPortraitUpsideDown UIInterfaceOrientationLandscapeLeft UIInterfaceOrientationLandscapeRight";
				INFOPLIST_KEY_UISupportedInterfaceOrientations_iPhone = "UIInterfaceOrientationLandscapeLeft UIInterfaceOrientationLandscapeRight";
				IPHONEOS_DEPLOYMENT_TARGET = 16.1;
				LD_RUNPATH_SEARCH_PATHS = (
					"$(inherited)",
					"@executable_path/Frameworks",
				);
				MARKETING_VERSION = 1.0;
				PRODUCT_BUNDLE_IDENTIFIER = edu.utah.hsc.dean.mike.MacPuf2022P;
				PRODUCT_NAME = MacPuf2022P;
				SDKROOT = iphoneos;
				SUPPORTED_PLATFORMS = "iphoneos iphonesimulator";
				SUPPORTS_MACCATALYST = NO;
				SUPPORTS_MAC_DESIGNED_FOR_IPHONE_IPAD = NO;
				SWIFT_EMIT_LOC_STRINGS = YES;
				SWIFT_VERSION = 5.0;
				TARGETED_DEVICE_FAMILY = "1,2";
			};
			name = Debug;
		};
		850DCAF7286745FD00292A94 /* Release */ = {
			isa = XCBuildConfiguration;
			buildSettings = {
				ASSETCATALOG_COMPILER_APPICON_NAME = AppIcon;
				ASSETCATALOG_COMPILER_GLOBAL_ACCENT_COLOR_NAME = AccentColor;
				CODE_SIGN_STYLE = Automatic;
				CURRENT_PROJECT_VERSION = 1;
				DEVELOPMENT_TEAM = 4WMEP3BNE5;
				ENABLE_PREVIEWS = YES;
				GENERATE_INFOPLIST_FILE = YES;
				INFOPLIST_KEY_CFBundleDisplayName = MacPuf;
				INFOPLIST_KEY_UIApplicationSceneManifest_Generation = YES;
				INFOPLIST_KEY_UIApplicationSupportsIndirectInputEvents = YES;
				INFOPLIST_KEY_UILaunchScreen_Generation = YES;
				INFOPLIST_KEY_UILaunchStoryboardName = "/Users/jmichaeldean/Documents/Developer MacPuf/MacPuf2022P/Shared/Assets.xcassets/AppIcon.appiconset/puf4.png";
				INFOPLIST_KEY_UISupportedInterfaceOrientations = "UIInterfaceOrientationLandscapeLeft UIInterfaceOrientationLandscapeRight";
				INFOPLIST_KEY_UISupportedInterfaceOrientations_iPad = "UIInterfaceOrientationPortrait UIInterfaceOrientationPortraitUpsideDown UIInterfaceOrientationLandscapeLeft UIInterfaceOrientationLandscapeRight";
				INFOPLIST_KEY_UISupportedInterfaceOrientations_iPhone = "UIInterfaceOrientationLandscapeLeft UIInterfaceOrientationLandscapeRight";
				IPHONEOS_DEPLOYMENT_TARGET = 16.1;
				LD_RUNPATH_SEARCH_PATHS = (
					"$(inherited)",
					"@executable_path/Frameworks",
				);
				MARKETING_VERSION = 1.0;
				PRODUCT_BUNDLE_IDENTIFIER = edu.utah.hsc.dean.mike.MacPuf2022P;
				PRODUCT_NAME = MacPuf2022P;
				SDKROOT = iphoneos;
				SUPPORTED_PLATFORMS = "iphoneos iphonesimulator";
				SUPPORTS_MACCATALYST = NO;
				SUPPORTS_MAC_DESIGNED_FOR_IPHONE_IPAD = NO;
				SWIFT_EMIT_LOC_STRINGS = YES;
				SWIFT_VERSION = 5.0;
				TARGETED_DEVICE_FAMILY = "1,2";
				VALIDATE_PRODUCT = YES;
			};
			name = Release;
		};
		850DCAF9286745FD00292A94 /* Debug */ = {
			isa = XCBuildConfiguration;
			buildSettings = {
				ASSETCATALOG_COMPILER_APPICON_NAME = AppIcon;
				ASSETCATALOG_COMPILER_GLOBAL_ACCENT_COLOR_NAME = AccentColor;
				CODE_SIGN_ENTITLEMENTS = macOS/macOS.entitlements;
				CODE_SIGN_IDENTITY = "-";
				CODE_SIGN_STYLE = Automatic;
				COMBINE_HIDPI_IMAGES = YES;
				CURRENT_PROJECT_VERSION = 1;
				DEAD_CODE_STRIPPING = YES;
				DEVELOPMENT_TEAM = 4WMEP3BNE5;
				ENABLE_HARDENED_RUNTIME = YES;
				ENABLE_PREVIEWS = YES;
				GENERATE_INFOPLIST_FILE = YES;
				INFOPLIST_KEY_CFBundleDisplayName = MacPuf;
				INFOPLIST_KEY_NSHumanReadableCopyright = "";
				LD_RUNPATH_SEARCH_PATHS = (
					"$(inherited)",
					"@executable_path/../Frameworks",
				);
				MACOSX_DEPLOYMENT_TARGET = 12.3;
				MARKETING_VERSION = 1.0;
				PRODUCT_BUNDLE_IDENTIFIER = edu.utah.hsc.dean.mike.MacPuf2022P;
				PRODUCT_NAME = MacPuf2022P;
				SDKROOT = macosx;
				SWIFT_EMIT_LOC_STRINGS = YES;
				SWIFT_VERSION = 5.0;
			};
			name = Debug;
		};
		850DCAFA286745FD00292A94 /* Release */ = {
			isa = XCBuildConfiguration;
			buildSettings = {
				ASSETCATALOG_COMPILER_APPICON_NAME = AppIcon;
				ASSETCATALOG_COMPILER_GLOBAL_ACCENT_COLOR_NAME = AccentColor;
				CODE_SIGN_ENTITLEMENTS = macOS/macOS.entitlements;
				CODE_SIGN_IDENTITY = "-";
				CODE_SIGN_STYLE = Automatic;
				COMBINE_HIDPI_IMAGES = YES;
				CURRENT_PROJECT_VERSION = 1;
				DEAD_CODE_STRIPPING = YES;
				DEVELOPMENT_TEAM = 4WMEP3BNE5;
				ENABLE_HARDENED_RUNTIME = YES;
				ENABLE_PREVIEWS = YES;
				GENERATE_INFOPLIST_FILE = YES;
				INFOPLIST_KEY_CFBundleDisplayName = MacPuf;
				INFOPLIST_KEY_NSHumanReadableCopyright = "";
				LD_RUNPATH_SEARCH_PATHS = (
					"$(inherited)",
					"@executable_path/../Frameworks",
				);
				MACOSX_DEPLOYMENT_TARGET = 12.3;
				MARKETING_VERSION = 1.0;
				PRODUCT_BUNDLE_IDENTIFIER = edu.utah.hsc.dean.mike.MacPuf2022P;
				PRODUCT_NAME = MacPuf2022P;
				SDKROOT = macosx;
				SWIFT_EMIT_LOC_STRINGS = YES;
				SWIFT_VERSION = 5.0;
			};
			name = Release;
		};
		850DCAFC286745FD00292A94 /* Debug */ = {
			isa = XCBuildConfiguration;
			buildSettings = {
				ALWAYS_EMBED_SWIFT_STANDARD_LIBRARIES = YES;
				CODE_SIGN_STYLE = Automatic;
				CURRENT_PROJECT_VERSION = 1;
				DEVELOPMENT_TEAM = 4WMEP3BNE5;
				GENERATE_INFOPLIST_FILE = YES;
				IPHONEOS_DEPLOYMENT_TARGET = 16.1;
				MACOSX_DEPLOYMENT_TARGET = "$(RECOMMENDED_MACOSX_DEPLOYMENT_TARGET)";
				MARKETING_VERSION = 1.0;
				PRODUCT_BUNDLE_IDENTIFIER = "edu.utah.hsc.dean.mike.Tests-iOS";
				PRODUCT_NAME = "$(TARGET_NAME)";
				SDKROOT = iphoneos;
				SUPPORTED_PLATFORMS = "iphoneos iphonesimulator";
				SUPPORTS_MACCATALYST = NO;
				SUPPORTS_MAC_DESIGNED_FOR_IPHONE_IPAD = NO;
				SWIFT_EMIT_LOC_STRINGS = NO;
				SWIFT_VERSION = 5.0;
				TARGETED_DEVICE_FAMILY = "1,2";
				TEST_TARGET_NAME = "MacPuf2022P (iOS)";
			};
			name = Debug;
		};
		850DCAFD286745FD00292A94 /* Release */ = {
			isa = XCBuildConfiguration;
			buildSettings = {
				ALWAYS_EMBED_SWIFT_STANDARD_LIBRARIES = YES;
				CODE_SIGN_STYLE = Automatic;
				CURRENT_PROJECT_VERSION = 1;
				DEVELOPMENT_TEAM = 4WMEP3BNE5;
				GENERATE_INFOPLIST_FILE = YES;
				IPHONEOS_DEPLOYMENT_TARGET = 16.1;
				MACOSX_DEPLOYMENT_TARGET = "$(RECOMMENDED_MACOSX_DEPLOYMENT_TARGET)";
				MARKETING_VERSION = 1.0;
				PRODUCT_BUNDLE_IDENTIFIER = "edu.utah.hsc.dean.mike.Tests-iOS";
				PRODUCT_NAME = "$(TARGET_NAME)";
				SDKROOT = iphoneos;
				SUPPORTED_PLATFORMS = "iphoneos iphonesimulator";
				SUPPORTS_MACCATALYST = NO;
				SUPPORTS_MAC_DESIGNED_FOR_IPHONE_IPAD = NO;
				SWIFT_EMIT_LOC_STRINGS = NO;
				SWIFT_VERSION = 5.0;
				TARGETED_DEVICE_FAMILY = "1,2";
				TEST_TARGET_NAME = "MacPuf2022P (iOS)";
				VALIDATE_PRODUCT = YES;
			};
			name = Release;
		};
		850DCAFF286745FD00292A94 /* Debug */ = {
			isa = XCBuildConfiguration;
			buildSettings = {
				ALWAYS_EMBED_SWIFT_STANDARD_LIBRARIES = YES;
				CODE_SIGN_STYLE = Automatic;
				CURRENT_PROJECT_VERSION = 1;
				DEAD_CODE_STRIPPING = YES;
				DEVELOPMENT_TEAM = 4WMEP3BNE5;
				GENERATE_INFOPLIST_FILE = YES;
				MACOSX_DEPLOYMENT_TARGET = "$(RECOMMENDED_MACOSX_DEPLOYMENT_TARGET)";
				MARKETING_VERSION = 1.0;
				PRODUCT_BUNDLE_IDENTIFIER = "edu.utah.hsc.dean.mike.Tests-macOS";
				PRODUCT_NAME = "$(TARGET_NAME)";
				SDKROOT = macosx;
				SWIFT_EMIT_LOC_STRINGS = NO;
				SWIFT_VERSION = 5.0;
				TEST_TARGET_NAME = "MacPuf2022P (macOS)";
			};
			name = Debug;
		};
		850DCB00286745FD00292A94 /* Release */ = {
			isa = XCBuildConfiguration;
			buildSettings = {
				ALWAYS_EMBED_SWIFT_STANDARD_LIBRARIES = YES;
				CODE_SIGN_STYLE = Automatic;
				CURRENT_PROJECT_VERSION = 1;
				DEAD_CODE_STRIPPING = YES;
				DEVELOPMENT_TEAM = 4WMEP3BNE5;
				GENERATE_INFOPLIST_FILE = YES;
				MACOSX_DEPLOYMENT_TARGET = "$(RECOMMENDED_MACOSX_DEPLOYMENT_TARGET)";
				MARKETING_VERSION = 1.0;
				PRODUCT_BUNDLE_IDENTIFIER = "edu.utah.hsc.dean.mike.Tests-macOS";
				PRODUCT_NAME = "$(TARGET_NAME)";
				SDKROOT = macosx;
				SWIFT_EMIT_LOC_STRINGS = NO;
				SWIFT_VERSION = 5.0;
				TEST_TARGET_NAME = "MacPuf2022P (macOS)";
			};
			name = Release;
		};
/* End XCBuildConfiguration section */

/* Begin XCConfigurationList section */
		850DCAC3286745FB00292A94 /* Build configuration list for PBXProject "MacPuf2022P" */ = {
			isa = XCConfigurationList;
			buildConfigurations = (
				850DCAF3286745FD00292A94 /* Debug */,
				850DCAF4286745FD00292A94 /* Release */,
			);
			defaultConfigurationIsVisible = 0;
			defaultConfigurationName = Release;
		};
		850DCAF5286745FD00292A94 /* Build configuration list for PBXNativeTarget "MacPuf2022P (iOS)" */ = {
			isa = XCConfigurationList;
			buildConfigurations = (
				850DCAF6286745FD00292A94 /* Debug */,
				850DCAF7286745FD00292A94 /* Release */,
			);
			defaultConfigurationIsVisible = 0;
			defaultConfigurationName = Release;
		};
		850DCAF8286745FD00292A94 /* Build configuration list for PBXNativeTarget "MacPuf2022P (macOS)" */ = {
			isa = XCConfigurationList;
			buildConfigurations = (
				850DCAF9286745FD00292A94 /* Debug */,
				850DCAFA286745FD00292A94 /* Release */,
			);
			defaultConfigurationIsVisible = 0;
			defaultConfigurationName = Release;
		};
		850DCAFB286745FD00292A94 /* Build configuration list for PBXNativeTarget "Tests iOS" */ = {
			isa = XCConfigurationList;
			buildConfigurations = (
				850DCAFC286745FD00292A94 /* Debug */,
				850DCAFD286745FD00292A94 /* Release */,
			);
			defaultConfigurationIsVisible = 0;
			defaultConfigurationName = Release;
		};
		850DCAFE286745FD00292A94 /* Build configuration list for PBXNativeTarget "Tests macOS" */ = {
			isa = XCConfigurationList;
			buildConfigurations = (
				850DCAFF286745FD00292A94 /* Debug */,
				850DCB00286745FD00292A94 /* Release */,
			);
			defaultConfigurationIsVisible = 0;
			defaultConfigurationName = Release;
		};
/* End XCConfigurationList section */
	};
	rootObject = 850DCAC0286745FB00292A94 /* Project object */;
}
